// !$*UTF8*$!
{
	archiveVersion = 1;
	classes = {
	};
	objectVersion = 46;
	objects = {

/* Begin PBXBuildFile section */
		EA2204681D23734D005E9435 /* GLVIndexVC.m in Sources */ = {isa = PBXBuildFile; fileRef = EA2204611D23734D005E9435 /* GLVIndexVC.m */; };
		EA2204691D23734D005E9435 /* GLVMainDealVC.mm in Sources */ = {isa = PBXBuildFile; fileRef = EA2204631D23734D005E9435 /* GLVMainDealVC.mm */; };
		EA22046A1D23734D005E9435 /* GLVMainDealVC.xib in Resources */ = {isa = PBXBuildFile; fileRef = EA2204641D23734D005E9435 /* GLVMainDealVC.xib */; };
		EA2204981D237369005E9435 /* UIColor+Hex.m in Sources */ = {isa = PBXBuildFile; fileRef = EA2204701D237369005E9435 /* UIColor+Hex.m */; };
		EA2204991D237369005E9435 /* UIView+Frame.m in Sources */ = {isa = PBXBuildFile; fileRef = EA2204721D237369005E9435 /* UIView+Frame.m */; };
		EA2204A81D237369005E9435 /* MBProgressHUD.m in Sources */ = {isa = PBXBuildFile; fileRef = EA2204931D237369005E9435 /* MBProgressHUD.m */; };
		EA2204A91D237369005E9435 /* STAlbumManager.m in Sources */ = {isa = PBXBuildFile; fileRef = EA2204951D237369005E9435 /* STAlbumManager.m */; };
		EA2204AA1D237369005E9435 /* Toast+UIView.m in Sources */ = {isa = PBXBuildFile; fileRef = EA2204971D237369005E9435 /* Toast+UIView.m */; };
		EA2204B21D237458005E9435 /* EARestrictedScrollView.m in Sources */ = {isa = PBXBuildFile; fileRef = EA2204B11D237458005E9435 /* EARestrictedScrollView.m */; };
		EA2204C51D23787A005E9435 /* bg1@2x.png in Resources */ = {isa = PBXBuildFile; fileRef = EA2204B61D23787A005E9435 /* bg1@2x.png */; };
		EA2204C61D23787A005E9435 /* bg2@2x.png in Resources */ = {isa = PBXBuildFile; fileRef = EA2204B71D23787A005E9435 /* bg2@2x.png */; };
		EA2204C71D23787A005E9435 /* bg3@2x.png in Resources */ = {isa = PBXBuildFile; fileRef = EA2204B81D23787A005E9435 /* bg3@2x.png */; };
		EA2204C81D23787A005E9435 /* bg4@2x.png in Resources */ = {isa = PBXBuildFile; fileRef = EA2204B91D23787A005E9435 /* bg4@2x.png */; };
		EA2204C91D23787A005E9435 /* bigLogo@2x.png in Resources */ = {isa = PBXBuildFile; fileRef = EA2204BA1D23787A005E9435 /* bigLogo@2x.png */; };
		EA2204CA1D23787A005E9435 /* icon1@2x.png in Resources */ = {isa = PBXBuildFile; fileRef = EA2204BB1D23787A005E9435 /* icon1@2x.png */; };
		EA2204CB1D23787A005E9435 /* icon2@2x.png in Resources */ = {isa = PBXBuildFile; fileRef = EA2204BC1D23787A005E9435 /* icon2@2x.png */; };
		EA2204CC1D23787A005E9435 /* icon3@2x.png in Resources */ = {isa = PBXBuildFile; fileRef = EA2204BD1D23787A005E9435 /* icon3@2x.png */; };
		EA2204CD1D23787A005E9435 /* pageDot.png in Resources */ = {isa = PBXBuildFile; fileRef = EA2204BE1D23787A005E9435 /* pageDot.png */; };
		EA2204CE1D23787A005E9435 /* pageDot@2x.png in Resources */ = {isa = PBXBuildFile; fileRef = EA2204BF1D23787A005E9435 /* pageDot@2x.png */; };
		EA2204CF1D23787A005E9435 /* skipButton@2x.png in Resources */ = {isa = PBXBuildFile; fileRef = EA2204C01D23787A005E9435 /* skipButton@2x.png */; };
		EA2204D01D23787A005E9435 /* title1@2x.png in Resources */ = {isa = PBXBuildFile; fileRef = EA2204C11D23787A005E9435 /* title1@2x.png */; };
		EA2204D11D23787A005E9435 /* title2@2x.png in Resources */ = {isa = PBXBuildFile; fileRef = EA2204C21D23787A005E9435 /* title2@2x.png */; };
		EA2204D21D23787A005E9435 /* title3@2x.png in Resources */ = {isa = PBXBuildFile; fileRef = EA2204C31D23787A005E9435 /* title3@2x.png */; };
		EA2204D31D23787A005E9435 /* title4@2x.png in Resources */ = {isa = PBXBuildFile; fileRef = EA2204C41D23787A005E9435 /* title4@2x.png */; };
		EA73A97F1D2E4C9300772810 /* CoreGraphics.framework in Frameworks */ = {isa = PBXBuildFile; fileRef = EA73A97E1D2E4C9300772810 /* CoreGraphics.framework */; };
		EA73A9831D2E4F9100772810 /* GLArtascopeVC.m in Sources */ = {isa = PBXBuildFile; fileRef = EA73A9811D2E4F9100772810 /* GLArtascopeVC.m */; };
		EA73A9841D2E4F9100772810 /* GLArtascopeVC.xib in Resources */ = {isa = PBXBuildFile; fileRef = EA73A9821D2E4F9100772810 /* GLArtascopeVC.xib */; };
		EA73A9BF1D2F711600772810 /* CoreVideo.framework in Frameworks */ = {isa = PBXBuildFile; fileRef = EA73A9BE1D2F711600772810 /* CoreVideo.framework */; };
		EA73A9C11D2F712300772810 /* Accelerate.framework in Frameworks */ = {isa = PBXBuildFile; fileRef = EA73A9C01D2F712300772810 /* Accelerate.framework */; };
		EA73A9C31D2F712C00772810 /* CoreImage.framework in Frameworks */ = {isa = PBXBuildFile; fileRef = EA73A9C21D2F712C00772810 /* CoreImage.framework */; };
		EA73A9C51D2F713900772810 /* QuartzCore.framework in Frameworks */ = {isa = PBXBuildFile; fileRef = EA73A9C41D2F713900772810 /* QuartzCore.framework */; };
		EA73A9C71D2F72B100772810 /* opencv2.framework in Frameworks */ = {isa = PBXBuildFile; fileRef = EA73A9C61D2F72B100772810 /* opencv2.framework */; };
		EA73A9C91D2F732B00772810 /* AssetsLibrary.framework in Frameworks */ = {isa = PBXBuildFile; fileRef = EA73A9C81D2F732B00772810 /* AssetsLibrary.framework */; };
		EA73A9CB1D2F733300772810 /* AVFoundation.framework in Frameworks */ = {isa = PBXBuildFile; fileRef = EA73A9CA1D2F733300772810 /* AVFoundation.framework */; };
		EA73A9CD1D2F733D00772810 /* CoreMedia.framework in Frameworks */ = {isa = PBXBuildFile; fileRef = EA73A9CC1D2F733D00772810 /* CoreMedia.framework */; };
		EA73A9F31D2F7D5900772810 /* UIImage+MatOperate.mm in Sources */ = {isa = PBXBuildFile; fileRef = EA73A9D31D2F7D5900772810 /* UIImage+MatOperate.mm */; };
		EA73A9F41D2F7D5900772810 /* UIImage+Morphology.mm in Sources */ = {isa = PBXBuildFile; fileRef = EA73A9D51D2F7D5900772810 /* UIImage+Morphology.mm */; };
		EA73A9F51D2F7D5900772810 /* UIImage+Skeleton.mm in Sources */ = {isa = PBXBuildFile; fileRef = EA73A9D81D2F7D5900772810 /* UIImage+Skeleton.mm */; };
		EA73A9F61D2F7D5900772810 /* UIImage+Smoothing.mm in Sources */ = {isa = PBXBuildFile; fileRef = EA73A9DA1D2F7D5900772810 /* UIImage+Smoothing.mm */; };
		EA73A9F71D2F7D5900772810 /* UIImage+Threshold.mm in Sources */ = {isa = PBXBuildFile; fileRef = EA73A9DC1D2F7D5900772810 /* UIImage+Threshold.mm */; };
		EA73A9F81D2F7D5900772810 /* GLMatEdgeDetection.mm in Sources */ = {isa = PBXBuildFile; fileRef = EA73A9DF1D2F7D5900772810 /* GLMatEdgeDetection.mm */; };
		EA73A9F91D2F7D5900772810 /* GLMatSkeleton.mm in Sources */ = {isa = PBXBuildFile; fileRef = EA73A9E11D2F7D5900772810 /* GLMatSkeleton.mm */; };
		EA73A9FA1D2F7D5900772810 /* GLMatTransform.mm in Sources */ = {isa = PBXBuildFile; fileRef = EA73A9E31D2F7D5900772810 /* GLMatTransform.mm */; };
		EA73A9FB1D2F7D5900772810 /* GLFaceAnimator.mm in Sources */ = {isa = PBXBuildFile; fileRef = EA73A9E61D2F7D5900772810 /* GLFaceAnimator.mm */; };
		EA73A9FC1D2F7D5900772810 /* GLFaceDetector.mm in Sources */ = {isa = PBXBuildFile; fileRef = EA73A9E81D2F7D5900772810 /* GLFaceDetector.mm */; };
		EA73A9FD1D2F7D5900772810 /* GLFaceRecognizer.mm in Sources */ = {isa = PBXBuildFile; fileRef = EA73A9EA1D2F7D5900772810 /* GLFaceRecognizer.mm */; };
		EA73A9FE1D2F7D5900772810 /* haarcascade_eye_tree_eyeglasses.xml in Resources */ = {isa = PBXBuildFile; fileRef = EA73A9EB1D2F7D5900772810 /* haarcascade_eye_tree_eyeglasses.xml */; };
		EA73A9FF1D2F7D5900772810 /* haarcascade_frontalface_alt.xml in Resources */ = {isa = PBXBuildFile; fileRef = EA73A9EC1D2F7D5900772810 /* haarcascade_frontalface_alt.xml */; };
		EA73AA001D2F7D5900772810 /* haarcascade_frontalface_alt2.xml in Resources */ = {isa = PBXBuildFile; fileRef = EA73A9ED1D2F7D5900772810 /* haarcascade_frontalface_alt2.xml */; };
		EA73AA011D2F7D5900772810 /* haarcascade_mcs_eyepair_big.xml in Resources */ = {isa = PBXBuildFile; fileRef = EA73A9EE1D2F7D5900772810 /* haarcascade_mcs_eyepair_big.xml */; };
		EA73AA021D2F7D5900772810 /* haarcascade_mcs_mouth.xml in Resources */ = {isa = PBXBuildFile; fileRef = EA73A9EF1D2F7D5900772810 /* haarcascade_mcs_mouth.xml */; };
		EA73AA031D2F7D5900772810 /* UIImage+FaceRecognizer.mm in Sources */ = {isa = PBXBuildFile; fileRef = EA73A9F11D2F7D5900772810 /* UIImage+FaceRecognizer.mm */; };
		FE4305F81D2D58360008529E /* ASValuePopUpView.m in Sources */ = {isa = PBXBuildFile; fileRef = FE4305F51D2D58360008529E /* ASValuePopUpView.m */; };
		FE4305F91D2D58360008529E /* ASValueTrackingSlider.m in Sources */ = {isa = PBXBuildFile; fileRef = FE4305F71D2D58360008529E /* ASValueTrackingSlider.m */; };
		FEF263891D2183CC0031C585 /* main.m in Sources */ = {isa = PBXBuildFile; fileRef = FEF263881D2183CC0031C585 /* main.m */; };
		FEF2638C1D2183CC0031C585 /* AppDelegate.m in Sources */ = {isa = PBXBuildFile; fileRef = FEF2638B1D2183CC0031C585 /* AppDelegate.m */; };
		FEF2638F1D2183CC0031C585 /* ViewController.m in Sources */ = {isa = PBXBuildFile; fileRef = FEF2638E1D2183CC0031C585 /* ViewController.m */; };
		FEF263921D2183CC0031C585 /* Main.storyboard in Resources */ = {isa = PBXBuildFile; fileRef = FEF263901D2183CC0031C585 /* Main.storyboard */; };
		FEF263941D2183CC0031C585 /* Assets.xcassets in Resources */ = {isa = PBXBuildFile; fileRef = FEF263931D2183CC0031C585 /* Assets.xcassets */; };
		FEF263971D2183CC0031C585 /* LaunchScreen.storyboard in Resources */ = {isa = PBXBuildFile; fileRef = FEF263951D2183CC0031C585 /* LaunchScreen.storyboard */; };
		FEF263A21D2183CD0031C585 /* VDataProcessTests.m in Sources */ = {isa = PBXBuildFile; fileRef = FEF263A11D2183CD0031C585 /* VDataProcessTests.m */; };
		FEF263B71D21862C0031C585 /* EAIntroPage.m in Sources */ = {isa = PBXBuildFile; fileRef = FEF263B11D21862C0031C585 /* EAIntroPage.m */; };
		FEF263B81D21862C0031C585 /* EAIntroView.m in Sources */ = {isa = PBXBuildFile; fileRef = FEF263B31D21862C0031C585 /* EAIntroView.m */; };
		FEF263B91D21862C0031C585 /* MDImageCroper.m in Sources */ = {isa = PBXBuildFile; fileRef = FEF263B61D21862C0031C585 /* MDImageCroper.m */; };
		FEF263BC1D256C640031C585 /* MenuHrizontal.m in Sources */ = {isa = PBXBuildFile; fileRef = FEF263BB1D256C640031C585 /* MenuHrizontal.m */; };
		FEF263C21D2BFEE40031C585 /* IGLDropDownItem.m in Sources */ = {isa = PBXBuildFile; fileRef = FEF263BF1D2BFEE40031C585 /* IGLDropDownItem.m */; };
		FEF263C31D2BFEE40031C585 /* IGLDropDownMenu.m in Sources */ = {isa = PBXBuildFile; fileRef = FEF263C11D2BFEE40031C585 /* IGLDropDownMenu.m */; };
		FEF263CD1D2D2FEA0031C585 /* GLMenuItem.m in Sources */ = {isa = PBXBuildFile; fileRef = FEF263CC1D2D2FEA0031C585 /* GLMenuItem.m */; };
		FEF263D01D2D31BF0031C585 /* HUMSlider.m in Sources */ = {isa = PBXBuildFile; fileRef = FEF263CF1D2D31BF0031C585 /* HUMSlider.m */; };
		FEF263D31D2D328F0031C585 /* GLMenuView.m in Sources */ = {isa = PBXBuildFile; fileRef = FEF263D21D2D328F0031C585 /* GLMenuView.m */; };
/* End PBXBuildFile section */

/* Begin PBXContainerItemProxy section */
		FEF2639E1D2183CD0031C585 /* PBXContainerItemProxy */ = {
			isa = PBXContainerItemProxy;
			containerPortal = FEF2637C1D2183CC0031C585 /* Project object */;
			proxyType = 1;
			remoteGlobalIDString = FEF263831D2183CC0031C585;
			remoteInfo = VDataProcess;
		};
/* End PBXContainerItemProxy section */

/* Begin PBXFileReference section */
		EA2204601D23734C005E9435 /* GLVIndexVC.h */ = {isa = PBXFileReference; fileEncoding = 4; lastKnownFileType = sourcecode.c.h; path = GLVIndexVC.h; sourceTree = "<group>"; };
		EA2204611D23734D005E9435 /* GLVIndexVC.m */ = {isa = PBXFileReference; fileEncoding = 4; lastKnownFileType = sourcecode.c.objc; path = GLVIndexVC.m; sourceTree = "<group>"; };
		EA2204621D23734D005E9435 /* GLVMainDealVC.h */ = {isa = PBXFileReference; fileEncoding = 4; lastKnownFileType = sourcecode.c.h; path = GLVMainDealVC.h; sourceTree = "<group>"; };
		EA2204631D23734D005E9435 /* GLVMainDealVC.mm */ = {isa = PBXFileReference; fileEncoding = 4; lastKnownFileType = sourcecode.cpp.objcpp; path = GLVMainDealVC.mm; sourceTree = "<group>"; };
		EA2204641D23734D005E9435 /* GLVMainDealVC.xib */ = {isa = PBXFileReference; fileEncoding = 4; lastKnownFileType = file.xib; path = GLVMainDealVC.xib; sourceTree = "<group>"; };
		EA22046C1D237356005E9435 /* Macro.h */ = {isa = PBXFileReference; fileEncoding = 4; lastKnownFileType = sourcecode.c.h; path = Macro.h; sourceTree = "<group>"; };
		EA22046F1D237369005E9435 /* UIColor+Hex.h */ = {isa = PBXFileReference; fileEncoding = 4; lastKnownFileType = sourcecode.c.h; path = "UIColor+Hex.h"; sourceTree = "<group>"; };
		EA2204701D237369005E9435 /* UIColor+Hex.m */ = {isa = PBXFileReference; fileEncoding = 4; lastKnownFileType = sourcecode.c.objc; path = "UIColor+Hex.m"; sourceTree = "<group>"; };
		EA2204711D237369005E9435 /* UIView+Frame.h */ = {isa = PBXFileReference; fileEncoding = 4; lastKnownFileType = sourcecode.c.h; path = "UIView+Frame.h"; sourceTree = "<group>"; };
		EA2204721D237369005E9435 /* UIView+Frame.m */ = {isa = PBXFileReference; fileEncoding = 4; lastKnownFileType = sourcecode.c.objc; path = "UIView+Frame.m"; sourceTree = "<group>"; };
		EA2204921D237369005E9435 /* MBProgressHUD.h */ = {isa = PBXFileReference; fileEncoding = 4; lastKnownFileType = sourcecode.c.h; path = MBProgressHUD.h; sourceTree = "<group>"; };
		EA2204931D237369005E9435 /* MBProgressHUD.m */ = {isa = PBXFileReference; fileEncoding = 4; lastKnownFileType = sourcecode.c.objc; path = MBProgressHUD.m; sourceTree = "<group>"; };
		EA2204941D237369005E9435 /* STAlbumManager.h */ = {isa = PBXFileReference; fileEncoding = 4; lastKnownFileType = sourcecode.c.h; path = STAlbumManager.h; sourceTree = "<group>"; };
		EA2204951D237369005E9435 /* STAlbumManager.m */ = {isa = PBXFileReference; fileEncoding = 4; lastKnownFileType = sourcecode.c.objc; path = STAlbumManager.m; sourceTree = "<group>"; };
		EA2204961D237369005E9435 /* Toast+UIView.h */ = {isa = PBXFileReference; fileEncoding = 4; lastKnownFileType = sourcecode.c.h; path = "Toast+UIView.h"; sourceTree = "<group>"; };
		EA2204971D237369005E9435 /* Toast+UIView.m */ = {isa = PBXFileReference; fileEncoding = 4; lastKnownFileType = sourcecode.c.objc; path = "Toast+UIView.m"; sourceTree = "<group>"; };
		EA2204B01D237458005E9435 /* EARestrictedScrollView.h */ = {isa = PBXFileReference; fileEncoding = 4; lastKnownFileType = sourcecode.c.h; path = EARestrictedScrollView.h; sourceTree = "<group>"; };
		EA2204B11D237458005E9435 /* EARestrictedScrollView.m */ = {isa = PBXFileReference; fileEncoding = 4; lastKnownFileType = sourcecode.c.objc; path = EARestrictedScrollView.m; sourceTree = "<group>"; };
		EA2204B61D23787A005E9435 /* bg1@2x.png */ = {isa = PBXFileReference; lastKnownFileType = image.png; path = "bg1@2x.png"; sourceTree = "<group>"; };
		EA2204B71D23787A005E9435 /* bg2@2x.png */ = {isa = PBXFileReference; lastKnownFileType = image.png; path = "bg2@2x.png"; sourceTree = "<group>"; };
		EA2204B81D23787A005E9435 /* bg3@2x.png */ = {isa = PBXFileReference; lastKnownFileType = image.png; path = "bg3@2x.png"; sourceTree = "<group>"; };
		EA2204B91D23787A005E9435 /* bg4@2x.png */ = {isa = PBXFileReference; lastKnownFileType = image.png; path = "bg4@2x.png"; sourceTree = "<group>"; };
		EA2204BA1D23787A005E9435 /* bigLogo@2x.png */ = {isa = PBXFileReference; lastKnownFileType = image.png; path = "bigLogo@2x.png"; sourceTree = "<group>"; };
		EA2204BB1D23787A005E9435 /* icon1@2x.png */ = {isa = PBXFileReference; lastKnownFileType = image.png; path = "icon1@2x.png"; sourceTree = "<group>"; };
		EA2204BC1D23787A005E9435 /* icon2@2x.png */ = {isa = PBXFileReference; lastKnownFileType = image.png; path = "icon2@2x.png"; sourceTree = "<group>"; };
		EA2204BD1D23787A005E9435 /* icon3@2x.png */ = {isa = PBXFileReference; lastKnownFileType = image.png; path = "icon3@2x.png"; sourceTree = "<group>"; };
		EA2204BE1D23787A005E9435 /* pageDot.png */ = {isa = PBXFileReference; lastKnownFileType = image.png; path = pageDot.png; sourceTree = "<group>"; };
		EA2204BF1D23787A005E9435 /* pageDot@2x.png */ = {isa = PBXFileReference; lastKnownFileType = image.png; path = "pageDot@2x.png"; sourceTree = "<group>"; };
		EA2204C01D23787A005E9435 /* skipButton@2x.png */ = {isa = PBXFileReference; lastKnownFileType = image.png; path = "skipButton@2x.png"; sourceTree = "<group>"; };
		EA2204C11D23787A005E9435 /* title1@2x.png */ = {isa = PBXFileReference; lastKnownFileType = image.png; path = "title1@2x.png"; sourceTree = "<group>"; };
		EA2204C21D23787A005E9435 /* title2@2x.png */ = {isa = PBXFileReference; lastKnownFileType = image.png; path = "title2@2x.png"; sourceTree = "<group>"; };
		EA2204C31D23787A005E9435 /* title3@2x.png */ = {isa = PBXFileReference; lastKnownFileType = image.png; path = "title3@2x.png"; sourceTree = "<group>"; };
		EA2204C41D23787A005E9435 /* title4@2x.png */ = {isa = PBXFileReference; lastKnownFileType = image.png; path = "title4@2x.png"; sourceTree = "<group>"; };
		EA73A97E1D2E4C9300772810 /* CoreGraphics.framework */ = {isa = PBXFileReference; lastKnownFileType = wrapper.framework; name = CoreGraphics.framework; path = System/Library/Frameworks/CoreGraphics.framework; sourceTree = SDKROOT; };
		EA73A9801D2E4F9100772810 /* GLArtascopeVC.h */ = {isa = PBXFileReference; fileEncoding = 4; lastKnownFileType = sourcecode.c.h; path = GLArtascopeVC.h; sourceTree = "<group>"; };
		EA73A9811D2E4F9100772810 /* GLArtascopeVC.m */ = {isa = PBXFileReference; fileEncoding = 4; lastKnownFileType = sourcecode.c.objc; path = GLArtascopeVC.m; sourceTree = "<group>"; };
		EA73A9821D2E4F9100772810 /* GLArtascopeVC.xib */ = {isa = PBXFileReference; fileEncoding = 4; lastKnownFileType = file.xib; path = GLArtascopeVC.xib; sourceTree = "<group>"; };
		EA73A9BE1D2F711600772810 /* CoreVideo.framework */ = {isa = PBXFileReference; lastKnownFileType = wrapper.framework; name = CoreVideo.framework; path = System/Library/Frameworks/CoreVideo.framework; sourceTree = SDKROOT; };
		EA73A9C01D2F712300772810 /* Accelerate.framework */ = {isa = PBXFileReference; lastKnownFileType = wrapper.framework; name = Accelerate.framework; path = System/Library/Frameworks/Accelerate.framework; sourceTree = SDKROOT; };
		EA73A9C21D2F712C00772810 /* CoreImage.framework */ = {isa = PBXFileReference; lastKnownFileType = wrapper.framework; name = CoreImage.framework; path = System/Library/Frameworks/CoreImage.framework; sourceTree = SDKROOT; };
		EA73A9C41D2F713900772810 /* QuartzCore.framework */ = {isa = PBXFileReference; lastKnownFileType = wrapper.framework; name = QuartzCore.framework; path = System/Library/Frameworks/QuartzCore.framework; sourceTree = SDKROOT; };
		EA73A9C61D2F72B100772810 /* opencv2.framework */ = {isa = PBXFileReference; lastKnownFileType = wrapper.framework; path = opencv2.framework; sourceTree = "<group>"; };
		EA73A9C81D2F732B00772810 /* AssetsLibrary.framework */ = {isa = PBXFileReference; lastKnownFileType = wrapper.framework; name = AssetsLibrary.framework; path = System/Library/Frameworks/AssetsLibrary.framework; sourceTree = SDKROOT; };
		EA73A9CA1D2F733300772810 /* AVFoundation.framework */ = {isa = PBXFileReference; lastKnownFileType = wrapper.framework; name = AVFoundation.framework; path = System/Library/Frameworks/AVFoundation.framework; sourceTree = SDKROOT; };
		EA73A9CC1D2F733D00772810 /* CoreMedia.framework */ = {isa = PBXFileReference; lastKnownFileType = wrapper.framework; name = CoreMedia.framework; path = System/Library/Frameworks/CoreMedia.framework; sourceTree = SDKROOT; };
		EA73A9D21D2F7D5900772810 /* UIImage+MatOperate.h */ = {isa = PBXFileReference; fileEncoding = 4; lastKnownFileType = sourcecode.c.h; path = "UIImage+MatOperate.h"; sourceTree = "<group>"; };
		EA73A9D31D2F7D5900772810 /* UIImage+MatOperate.mm */ = {isa = PBXFileReference; fileEncoding = 4; lastKnownFileType = sourcecode.cpp.objcpp; path = "UIImage+MatOperate.mm"; sourceTree = "<group>"; };
		EA73A9D41D2F7D5900772810 /* UIImage+Morphology.h */ = {isa = PBXFileReference; fileEncoding = 4; lastKnownFileType = sourcecode.c.h; path = "UIImage+Morphology.h"; sourceTree = "<group>"; };
		EA73A9D51D2F7D5900772810 /* UIImage+Morphology.mm */ = {isa = PBXFileReference; fileEncoding = 4; lastKnownFileType = sourcecode.cpp.objcpp; path = "UIImage+Morphology.mm"; sourceTree = "<group>"; };
		EA73A9D61D2F7D5900772810 /* UIImage+OpenCV.h */ = {isa = PBXFileReference; fileEncoding = 4; lastKnownFileType = sourcecode.c.h; path = "UIImage+OpenCV.h"; sourceTree = "<group>"; };
		EA73A9D71D2F7D5900772810 /* UIImage+Skeleton.h */ = {isa = PBXFileReference; fileEncoding = 4; lastKnownFileType = sourcecode.c.h; path = "UIImage+Skeleton.h"; sourceTree = "<group>"; };
		EA73A9D81D2F7D5900772810 /* UIImage+Skeleton.mm */ = {isa = PBXFileReference; fileEncoding = 4; lastKnownFileType = sourcecode.cpp.objcpp; path = "UIImage+Skeleton.mm"; sourceTree = "<group>"; };
		EA73A9D91D2F7D5900772810 /* UIImage+Smoothing.h */ = {isa = PBXFileReference; fileEncoding = 4; lastKnownFileType = sourcecode.c.h; path = "UIImage+Smoothing.h"; sourceTree = "<group>"; };
		EA73A9DA1D2F7D5900772810 /* UIImage+Smoothing.mm */ = {isa = PBXFileReference; fileEncoding = 4; lastKnownFileType = sourcecode.cpp.objcpp; path = "UIImage+Smoothing.mm"; sourceTree = "<group>"; };
		EA73A9DB1D2F7D5900772810 /* UIImage+Threshold.h */ = {isa = PBXFileReference; fileEncoding = 4; lastKnownFileType = sourcecode.c.h; path = "UIImage+Threshold.h"; sourceTree = "<group>"; };
		EA73A9DC1D2F7D5900772810 /* UIImage+Threshold.mm */ = {isa = PBXFileReference; fileEncoding = 4; lastKnownFileType = sourcecode.cpp.objcpp; path = "UIImage+Threshold.mm"; sourceTree = "<group>"; };
		EA73A9DE1D2F7D5900772810 /* GLMatEdgeDetection.h */ = {isa = PBXFileReference; fileEncoding = 4; lastKnownFileType = sourcecode.c.h; path = GLMatEdgeDetection.h; sourceTree = "<group>"; };
		EA73A9DF1D2F7D5900772810 /* GLMatEdgeDetection.mm */ = {isa = PBXFileReference; fileEncoding = 4; lastKnownFileType = sourcecode.cpp.objcpp; path = GLMatEdgeDetection.mm; sourceTree = "<group>"; };
		EA73A9E01D2F7D5900772810 /* GLMatSkeleton.h */ = {isa = PBXFileReference; fileEncoding = 4; lastKnownFileType = sourcecode.c.h; path = GLMatSkeleton.h; sourceTree = "<group>"; };
		EA73A9E11D2F7D5900772810 /* GLMatSkeleton.mm */ = {isa = PBXFileReference; fileEncoding = 4; lastKnownFileType = sourcecode.cpp.objcpp; path = GLMatSkeleton.mm; sourceTree = "<group>"; };
		EA73A9E21D2F7D5900772810 /* GLMatTransform.h */ = {isa = PBXFileReference; fileEncoding = 4; lastKnownFileType = sourcecode.c.h; path = GLMatTransform.h; sourceTree = "<group>"; };
		EA73A9E31D2F7D5900772810 /* GLMatTransform.mm */ = {isa = PBXFileReference; fileEncoding = 4; lastKnownFileType = sourcecode.cpp.objcpp; path = GLMatTransform.mm; sourceTree = "<group>"; };
		EA73A9E51D2F7D5900772810 /* GLFaceAnimator.h */ = {isa = PBXFileReference; fileEncoding = 4; lastKnownFileType = sourcecode.c.h; path = GLFaceAnimator.h; sourceTree = "<group>"; };
		EA73A9E61D2F7D5900772810 /* GLFaceAnimator.mm */ = {isa = PBXFileReference; fileEncoding = 4; lastKnownFileType = sourcecode.cpp.objcpp; path = GLFaceAnimator.mm; sourceTree = "<group>"; };
		EA73A9E71D2F7D5900772810 /* GLFaceDetector.h */ = {isa = PBXFileReference; fileEncoding = 4; lastKnownFileType = sourcecode.c.h; path = GLFaceDetector.h; sourceTree = "<group>"; };
		EA73A9E81D2F7D5900772810 /* GLFaceDetector.mm */ = {isa = PBXFileReference; fileEncoding = 4; lastKnownFileType = sourcecode.cpp.objcpp; path = GLFaceDetector.mm; sourceTree = "<group>"; };
		EA73A9E91D2F7D5900772810 /* GLFaceRecognizer.h */ = {isa = PBXFileReference; fileEncoding = 4; lastKnownFileType = sourcecode.c.h; path = GLFaceRecognizer.h; sourceTree = "<group>"; };
		EA73A9EA1D2F7D5900772810 /* GLFaceRecognizer.mm */ = {isa = PBXFileReference; fileEncoding = 4; lastKnownFileType = sourcecode.cpp.objcpp; path = GLFaceRecognizer.mm; sourceTree = "<group>"; };
		EA73A9EB1D2F7D5900772810 /* haarcascade_eye_tree_eyeglasses.xml */ = {isa = PBXFileReference; fileEncoding = 4; lastKnownFileType = text.xml; path = haarcascade_eye_tree_eyeglasses.xml; sourceTree = "<group>"; };
		EA73A9EC1D2F7D5900772810 /* haarcascade_frontalface_alt.xml */ = {isa = PBXFileReference; fileEncoding = 4; lastKnownFileType = text.xml; path = haarcascade_frontalface_alt.xml; sourceTree = "<group>"; };
		EA73A9ED1D2F7D5900772810 /* haarcascade_frontalface_alt2.xml */ = {isa = PBXFileReference; fileEncoding = 4; lastKnownFileType = text.xml; path = haarcascade_frontalface_alt2.xml; sourceTree = "<group>"; };
		EA73A9EE1D2F7D5900772810 /* haarcascade_mcs_eyepair_big.xml */ = {isa = PBXFileReference; fileEncoding = 4; lastKnownFileType = text.xml; path = haarcascade_mcs_eyepair_big.xml; sourceTree = "<group>"; };
		EA73A9EF1D2F7D5900772810 /* haarcascade_mcs_mouth.xml */ = {isa = PBXFileReference; fileEncoding = 4; lastKnownFileType = text.xml; path = haarcascade_mcs_mouth.xml; sourceTree = "<group>"; };
		EA73A9F01D2F7D5900772810 /* UIImage+FaceRecognizer.h */ = {isa = PBXFileReference; fileEncoding = 4; lastKnownFileType = sourcecode.c.h; path = "UIImage+FaceRecognizer.h"; sourceTree = "<group>"; };
		EA73A9F11D2F7D5900772810 /* UIImage+FaceRecognizer.mm */ = {isa = PBXFileReference; fileEncoding = 4; lastKnownFileType = sourcecode.cpp.objcpp; path = "UIImage+FaceRecognizer.mm"; sourceTree = "<group>"; };
		FE4305F41D2D58360008529E /* ASValuePopUpView.h */ = {isa = PBXFileReference; fileEncoding = 4; lastKnownFileType = sourcecode.c.h; path = ASValuePopUpView.h; sourceTree = "<group>"; };
		FE4305F51D2D58360008529E /* ASValuePopUpView.m */ = {isa = PBXFileReference; fileEncoding = 4; lastKnownFileType = sourcecode.c.objc; path = ASValuePopUpView.m; sourceTree = "<group>"; };
		FE4305F61D2D58360008529E /* ASValueTrackingSlider.h */ = {isa = PBXFileReference; fileEncoding = 4; lastKnownFileType = sourcecode.c.h; path = ASValueTrackingSlider.h; sourceTree = "<group>"; };
		FE4305F71D2D58360008529E /* ASValueTrackingSlider.m */ = {isa = PBXFileReference; fileEncoding = 4; lastKnownFileType = sourcecode.c.objc; path = ASValueTrackingSlider.m; sourceTree = "<group>"; };
		FEF263841D2183CC0031C585 /* VDataProcess.app */ = {isa = PBXFileReference; explicitFileType = wrapper.application; includeInIndex = 0; path = VDataProcess.app; sourceTree = BUILT_PRODUCTS_DIR; };
		FEF263881D2183CC0031C585 /* main.m */ = {isa = PBXFileReference; lastKnownFileType = sourcecode.c.objc; path = main.m; sourceTree = "<group>"; };
		FEF2638A1D2183CC0031C585 /* AppDelegate.h */ = {isa = PBXFileReference; lastKnownFileType = sourcecode.c.h; path = AppDelegate.h; sourceTree = "<group>"; };
		FEF2638B1D2183CC0031C585 /* AppDelegate.m */ = {isa = PBXFileReference; lastKnownFileType = sourcecode.c.objc; path = AppDelegate.m; sourceTree = "<group>"; };
		FEF2638D1D2183CC0031C585 /* ViewController.h */ = {isa = PBXFileReference; lastKnownFileType = sourcecode.c.h; path = ViewController.h; sourceTree = "<group>"; };
		FEF2638E1D2183CC0031C585 /* ViewController.m */ = {isa = PBXFileReference; lastKnownFileType = sourcecode.c.objc; path = ViewController.m; sourceTree = "<group>"; };
		FEF263911D2183CC0031C585 /* Base */ = {isa = PBXFileReference; lastKnownFileType = file.storyboard; name = Base; path = Base.lproj/Main.storyboard; sourceTree = "<group>"; };
		FEF263931D2183CC0031C585 /* Assets.xcassets */ = {isa = PBXFileReference; lastKnownFileType = folder.assetcatalog; path = Assets.xcassets; sourceTree = "<group>"; };
		FEF263961D2183CC0031C585 /* Base */ = {isa = PBXFileReference; lastKnownFileType = file.storyboard; name = Base; path = Base.lproj/LaunchScreen.storyboard; sourceTree = "<group>"; };
		FEF263981D2183CC0031C585 /* Info.plist */ = {isa = PBXFileReference; lastKnownFileType = text.plist.xml; path = Info.plist; sourceTree = "<group>"; };
		FEF2639D1D2183CD0031C585 /* VDataProcessTests.xctest */ = {isa = PBXFileReference; explicitFileType = wrapper.cfbundle; includeInIndex = 0; path = VDataProcessTests.xctest; sourceTree = BUILT_PRODUCTS_DIR; };
		FEF263A11D2183CD0031C585 /* VDataProcessTests.m */ = {isa = PBXFileReference; lastKnownFileType = sourcecode.c.objc; path = VDataProcessTests.m; sourceTree = "<group>"; };
		FEF263A31D2183CD0031C585 /* Info.plist */ = {isa = PBXFileReference; lastKnownFileType = text.plist.xml; path = Info.plist; sourceTree = "<group>"; };
		FEF263B01D21862C0031C585 /* EAIntroPage.h */ = {isa = PBXFileReference; fileEncoding = 4; lastKnownFileType = sourcecode.c.h; path = EAIntroPage.h; sourceTree = "<group>"; };
		FEF263B11D21862C0031C585 /* EAIntroPage.m */ = {isa = PBXFileReference; fileEncoding = 4; lastKnownFileType = sourcecode.c.objc; path = EAIntroPage.m; sourceTree = "<group>"; };
		FEF263B21D21862C0031C585 /* EAIntroView.h */ = {isa = PBXFileReference; fileEncoding = 4; lastKnownFileType = sourcecode.c.h; path = EAIntroView.h; sourceTree = "<group>"; };
		FEF263B31D21862C0031C585 /* EAIntroView.m */ = {isa = PBXFileReference; fileEncoding = 4; lastKnownFileType = sourcecode.c.objc; path = EAIntroView.m; sourceTree = "<group>"; };
		FEF263B51D21862C0031C585 /* MDImageCroper.h */ = {isa = PBXFileReference; fileEncoding = 4; lastKnownFileType = sourcecode.c.h; path = MDImageCroper.h; sourceTree = "<group>"; };
		FEF263B61D21862C0031C585 /* MDImageCroper.m */ = {isa = PBXFileReference; fileEncoding = 4; lastKnownFileType = sourcecode.c.objc; path = MDImageCroper.m; sourceTree = "<group>"; };
		FEF263BA1D256C640031C585 /* MenuHrizontal.h */ = {isa = PBXFileReference; fileEncoding = 4; lastKnownFileType = sourcecode.c.h; path = MenuHrizontal.h; sourceTree = "<group>"; };
		FEF263BB1D256C640031C585 /* MenuHrizontal.m */ = {isa = PBXFileReference; fileEncoding = 4; lastKnownFileType = sourcecode.c.objc; path = MenuHrizontal.m; sourceTree = "<group>"; };
		FEF263BE1D2BFEE40031C585 /* IGLDropDownItem.h */ = {isa = PBXFileReference; fileEncoding = 4; lastKnownFileType = sourcecode.c.h; path = IGLDropDownItem.h; sourceTree = "<group>"; };
		FEF263BF1D2BFEE40031C585 /* IGLDropDownItem.m */ = {isa = PBXFileReference; fileEncoding = 4; lastKnownFileType = sourcecode.c.objc; path = IGLDropDownItem.m; sourceTree = "<group>"; };
		FEF263C01D2BFEE40031C585 /* IGLDropDownMenu.h */ = {isa = PBXFileReference; fileEncoding = 4; lastKnownFileType = sourcecode.c.h; path = IGLDropDownMenu.h; sourceTree = "<group>"; };
		FEF263C11D2BFEE40031C585 /* IGLDropDownMenu.m */ = {isa = PBXFileReference; fileEncoding = 4; lastKnownFileType = sourcecode.c.objc; path = IGLDropDownMenu.m; sourceTree = "<group>"; };
		FEF263CB1D2D2FEA0031C585 /* GLMenuItem.h */ = {isa = PBXFileReference; fileEncoding = 4; lastKnownFileType = sourcecode.c.h; path = GLMenuItem.h; sourceTree = "<group>"; };
		FEF263CC1D2D2FEA0031C585 /* GLMenuItem.m */ = {isa = PBXFileReference; fileEncoding = 4; lastKnownFileType = sourcecode.c.objc; path = GLMenuItem.m; sourceTree = "<group>"; };
		FEF263CE1D2D31BF0031C585 /* HUMSlider.h */ = {isa = PBXFileReference; fileEncoding = 4; lastKnownFileType = sourcecode.c.h; path = HUMSlider.h; sourceTree = "<group>"; };
		FEF263CF1D2D31BF0031C585 /* HUMSlider.m */ = {isa = PBXFileReference; fileEncoding = 4; lastKnownFileType = sourcecode.c.objc; path = HUMSlider.m; sourceTree = "<group>"; };
		FEF263D11D2D328F0031C585 /* GLMenuView.h */ = {isa = PBXFileReference; fileEncoding = 4; lastKnownFileType = sourcecode.c.h; path = GLMenuView.h; sourceTree = "<group>"; };
		FEF263D21D2D328F0031C585 /* GLMenuView.m */ = {isa = PBXFileReference; fileEncoding = 4; lastKnownFileType = sourcecode.c.objc; path = GLMenuView.m; sourceTree = "<group>"; };
/* End PBXFileReference section */

/* Begin PBXFrameworksBuildPhase section */
		FEF263811D2183CC0031C585 /* Frameworks */ = {
			isa = PBXFrameworksBuildPhase;
			buildActionMask = 2147483647;
			files = (
				EA73A9CD1D2F733D00772810 /* CoreMedia.framework in Frameworks */,
				EA73A9CB1D2F733300772810 /* AVFoundation.framework in Frameworks */,
				EA73A9C91D2F732B00772810 /* AssetsLibrary.framework in Frameworks */,
				EA73A9C11D2F712300772810 /* Accelerate.framework in Frameworks */,
				EA73A9C71D2F72B100772810 /* opencv2.framework in Frameworks */,
				EA73A9C51D2F713900772810 /* QuartzCore.framework in Frameworks */,
				EA73A9C31D2F712C00772810 /* CoreImage.framework in Frameworks */,
				EA73A9BF1D2F711600772810 /* CoreVideo.framework in Frameworks */,
				EA73A97F1D2E4C9300772810 /* CoreGraphics.framework in Frameworks */,
			);
			runOnlyForDeploymentPostprocessing = 0;
		};
		FEF2639A1D2183CD0031C585 /* Frameworks */ = {
			isa = PBXFrameworksBuildPhase;
			buildActionMask = 2147483647;
			files = (
			);
			runOnlyForDeploymentPostprocessing = 0;
		};
/* End PBXFrameworksBuildPhase section */

/* Begin PBXGroup section */
		EA22045C1D23734C005E9435 /* VController */ = {
			isa = PBXGroup;
			children = (
				FEF263CA1D2D2FEA0031C585 /* Menu */,
				EA2204601D23734C005E9435 /* GLVIndexVC.h */,
				EA2204611D23734D005E9435 /* GLVIndexVC.m */,
				EA2204621D23734D005E9435 /* GLVMainDealVC.h */,
				EA2204631D23734D005E9435 /* GLVMainDealVC.mm */,
				EA2204641D23734D005E9435 /* GLVMainDealVC.xib */,
				EA73A9801D2E4F9100772810 /* GLArtascopeVC.h */,
				EA73A9811D2E4F9100772810 /* GLArtascopeVC.m */,
				EA73A9821D2E4F9100772810 /* GLArtascopeVC.xib */,
			);
			path = VController;
			sourceTree = "<group>";
		};
		EA22046B1D237356005E9435 /* MACRO */ = {
			isa = PBXGroup;
			children = (
				EA22046C1D237356005E9435 /* Macro.h */,
			);
			path = MACRO;
			sourceTree = "<group>";
		};
		EA22046D1D237369005E9435 /* Catergory */ = {
			isa = PBXGroup;
			children = (
				EA22046E1D237369005E9435 /* UIColor */,
				EA2204711D237369005E9435 /* UIView+Frame.h */,
				EA2204721D237369005E9435 /* UIView+Frame.m */,
			);
			path = Catergory;
			sourceTree = "<group>";
		};
		EA22046E1D237369005E9435 /* UIColor */ = {
			isa = PBXGroup;
			children = (
				EA22046F1D237369005E9435 /* UIColor+Hex.h */,
				EA2204701D237369005E9435 /* UIColor+Hex.m */,
			);
			path = UIColor;
			sourceTree = "<group>";
		};
		EA2204911D237369005E9435 /* Utils */ = {
			isa = PBXGroup;
			children = (
				FEF263BA1D256C640031C585 /* MenuHrizontal.h */,
				FEF263BB1D256C640031C585 /* MenuHrizontal.m */,
				EA2204921D237369005E9435 /* MBProgressHUD.h */,
				EA2204931D237369005E9435 /* MBProgressHUD.m */,
				EA2204941D237369005E9435 /* STAlbumManager.h */,
				EA2204951D237369005E9435 /* STAlbumManager.m */,
				EA2204961D237369005E9435 /* Toast+UIView.h */,
				EA2204971D237369005E9435 /* Toast+UIView.m */,
			);
			path = Utils;
			sourceTree = "<group>";
		};
		EA2204AF1D237458005E9435 /* EARestrictedScrollView */ = {
			isa = PBXGroup;
			children = (
				EA2204B01D237458005E9435 /* EARestrictedScrollView.h */,
				EA2204B11D237458005E9435 /* EARestrictedScrollView.m */,
			);
			path = EARestrictedScrollView;
			sourceTree = "<group>";
		};
		EA2204B31D23787A005E9435 /* Resource */ = {
			isa = PBXGroup;
			children = (
				EA73A9851D2E666400772810 /* Framework */,
				EA2204B41D23787A005E9435 /* Images */,
			);
			path = Resource;
			sourceTree = "<group>";
		};
		EA2204B41D23787A005E9435 /* Images */ = {
			isa = PBXGroup;
			children = (
				EA2204B51D23787A005E9435 /* Intro */,
			);
			path = Images;
			sourceTree = "<group>";
		};
		EA2204B51D23787A005E9435 /* Intro */ = {
			isa = PBXGroup;
			children = (
				EA2204B61D23787A005E9435 /* bg1@2x.png */,
				EA2204B71D23787A005E9435 /* bg2@2x.png */,
				EA2204B81D23787A005E9435 /* bg3@2x.png */,
				EA2204B91D23787A005E9435 /* bg4@2x.png */,
				EA2204BA1D23787A005E9435 /* bigLogo@2x.png */,
				EA2204BB1D23787A005E9435 /* icon1@2x.png */,
				EA2204BC1D23787A005E9435 /* icon2@2x.png */,
				EA2204BD1D23787A005E9435 /* icon3@2x.png */,
				EA2204BE1D23787A005E9435 /* pageDot.png */,
				EA2204BF1D23787A005E9435 /* pageDot@2x.png */,
				EA2204C01D23787A005E9435 /* skipButton@2x.png */,
				EA2204C11D23787A005E9435 /* title1@2x.png */,
				EA2204C21D23787A005E9435 /* title2@2x.png */,
				EA2204C31D23787A005E9435 /* title3@2x.png */,
				EA2204C41D23787A005E9435 /* title4@2x.png */,
			);
			path = Intro;
			sourceTree = "<group>";
		};
		EA73A9851D2E666400772810 /* Framework */ = {
			isa = PBXGroup;
			children = (
				EA73A9CC1D2F733D00772810 /* CoreMedia.framework */,
				EA73A9CA1D2F733300772810 /* AVFoundation.framework */,
				EA73A9C81D2F732B00772810 /* AssetsLibrary.framework */,
				EA73A9C61D2F72B100772810 /* opencv2.framework */,
				EA73A9C41D2F713900772810 /* QuartzCore.framework */,
				EA73A9C21D2F712C00772810 /* CoreImage.framework */,
				EA73A9C01D2F712300772810 /* Accelerate.framework */,
				EA73A9BE1D2F711600772810 /* CoreVideo.framework */,
				EA73A97E1D2E4C9300772810 /* CoreGraphics.framework */,
			);
			path = Framework;
			sourceTree = "<group>";
		};
		EA73A9CE1D2F7D5900772810 /* extension */ = {
			isa = PBXGroup;
			children = (
				EA73A9D11D2F7D5900772810 /* Image */,
				EA73A9DD1D2F7D5900772810 /* Operate */,
				EA73A9E41D2F7D5900772810 /* Recognizer */,
			);
			path = extension;
			sourceTree = "<group>";
		};
		EA73A9D11D2F7D5900772810 /* Image */ = {
			isa = PBXGroup;
			children = (
				EA73A9D21D2F7D5900772810 /* UIImage+MatOperate.h */,
				EA73A9D31D2F7D5900772810 /* UIImage+MatOperate.mm */,
				EA73A9D41D2F7D5900772810 /* UIImage+Morphology.h */,
				EA73A9D51D2F7D5900772810 /* UIImage+Morphology.mm */,
				EA73A9D61D2F7D5900772810 /* UIImage+OpenCV.h */,
				EA73A9D71D2F7D5900772810 /* UIImage+Skeleton.h */,
				EA73A9D81D2F7D5900772810 /* UIImage+Skeleton.mm */,
				EA73A9D91D2F7D5900772810 /* UIImage+Smoothing.h */,
				EA73A9DA1D2F7D5900772810 /* UIImage+Smoothing.mm */,
				EA73A9DB1D2F7D5900772810 /* UIImage+Threshold.h */,
				EA73A9DC1D2F7D5900772810 /* UIImage+Threshold.mm */,
			);
			path = Image;
			sourceTree = "<group>";
		};
		EA73A9DD1D2F7D5900772810 /* Operate */ = {
			isa = PBXGroup;
			children = (
				EA73A9DE1D2F7D5900772810 /* GLMatEdgeDetection.h */,
				EA73A9DF1D2F7D5900772810 /* GLMatEdgeDetection.mm */,
				EA73A9E01D2F7D5900772810 /* GLMatSkeleton.h */,
				EA73A9E11D2F7D5900772810 /* GLMatSkeleton.mm */,
				EA73A9E21D2F7D5900772810 /* GLMatTransform.h */,
				EA73A9E31D2F7D5900772810 /* GLMatTransform.mm */,
			);
			path = Operate;
			sourceTree = "<group>";
		};
		EA73A9E41D2F7D5900772810 /* Recognizer */ = {
			isa = PBXGroup;
			children = (
				EA73A9E51D2F7D5900772810 /* GLFaceAnimator.h */,
				EA73A9E61D2F7D5900772810 /* GLFaceAnimator.mm */,
				EA73A9E71D2F7D5900772810 /* GLFaceDetector.h */,
				EA73A9E81D2F7D5900772810 /* GLFaceDetector.mm */,
				EA73A9E91D2F7D5900772810 /* GLFaceRecognizer.h */,
				EA73A9EA1D2F7D5900772810 /* GLFaceRecognizer.mm */,
				EA73A9EB1D2F7D5900772810 /* haarcascade_eye_tree_eyeglasses.xml */,
				EA73A9EC1D2F7D5900772810 /* haarcascade_frontalface_alt.xml */,
				EA73A9ED1D2F7D5900772810 /* haarcascade_frontalface_alt2.xml */,
				EA73A9EE1D2F7D5900772810 /* haarcascade_mcs_eyepair_big.xml */,
				EA73A9EF1D2F7D5900772810 /* haarcascade_mcs_mouth.xml */,
				EA73A9F01D2F7D5900772810 /* UIImage+FaceRecognizer.h */,
				EA73A9F11D2F7D5900772810 /* UIImage+FaceRecognizer.mm */,
			);
			path = Recognizer;
			sourceTree = "<group>";
		};
		FE4305F31D2D58360008529E /* ASValueTrackingSlider */ = {
			isa = PBXGroup;
			children = (
				FE4305F41D2D58360008529E /* ASValuePopUpView.h */,
				FE4305F51D2D58360008529E /* ASValuePopUpView.m */,
				FE4305F61D2D58360008529E /* ASValueTrackingSlider.h */,
				FE4305F71D2D58360008529E /* ASValueTrackingSlider.m */,
			);
			path = ASValueTrackingSlider;
			sourceTree = "<group>";
		};
		FEF2637B1D2183CC0031C585 = {
			isa = PBXGroup;
			children = (
				FEF263861D2183CC0031C585 /* VDataProcess */,
				FEF263A01D2183CD0031C585 /* VDataProcessTests */,
				FEF263851D2183CC0031C585 /* Products */,
			);
			sourceTree = "<group>";
		};
		FEF263851D2183CC0031C585 /* Products */ = {
			isa = PBXGroup;
			children = (
				FEF263841D2183CC0031C585 /* VDataProcess.app */,
				FEF2639D1D2183CD0031C585 /* VDataProcessTests.xctest */,
			);
			name = Products;
			sourceTree = "<group>";
		};
		FEF263861D2183CC0031C585 /* VDataProcess */ = {
			isa = PBXGroup;
			children = (
				FEF263AC1D2183F60031C585 /* Classes */,
				EA2204B31D23787A005E9435 /* Resource */,
				FEF2638A1D2183CC0031C585 /* AppDelegate.h */,
				FEF2638B1D2183CC0031C585 /* AppDelegate.m */,
				FEF2638D1D2183CC0031C585 /* ViewController.h */,
				FEF2638E1D2183CC0031C585 /* ViewController.m */,
				FEF263901D2183CC0031C585 /* Main.storyboard */,
				FEF263931D2183CC0031C585 /* Assets.xcassets */,
				FEF263951D2183CC0031C585 /* LaunchScreen.storyboard */,
				FEF263981D2183CC0031C585 /* Info.plist */,
				FEF263871D2183CC0031C585 /* Supporting Files */,
			);
			path = VDataProcess;
			sourceTree = "<group>";
		};
		FEF263871D2183CC0031C585 /* Supporting Files */ = {
			isa = PBXGroup;
			children = (
				FEF263881D2183CC0031C585 /* main.m */,
			);
			name = "Supporting Files";
			sourceTree = "<group>";
		};
		FEF263A01D2183CD0031C585 /* VDataProcessTests */ = {
			isa = PBXGroup;
			children = (
				FEF263A11D2183CD0031C585 /* VDataProcessTests.m */,
				FEF263A31D2183CD0031C585 /* Info.plist */,
			);
			path = VDataProcessTests;
			sourceTree = "<group>";
		};
		FEF263AC1D2183F60031C585 /* Classes */ = {
			isa = PBXGroup;
			children = (
				EA73A9CE1D2F7D5900772810 /* extension */,
				EA22046B1D237356005E9435 /* MACRO */,
				FEF263AD1D2183F60031C585 /* ThirdLib */,
				EA22045C1D23734C005E9435 /* VController */,
			);
			path = Classes;
			sourceTree = "<group>";
		};
		FEF263AD1D2183F60031C585 /* ThirdLib */ = {
			isa = PBXGroup;
			children = (
				FE4305F31D2D58360008529E /* ASValueTrackingSlider */,
				FEF263BD1D2BFEE40031C585 /* IGLDropDownMenu */,
				EA22046D1D237369005E9435 /* Catergory */,
				EA2204911D237369005E9435 /* Utils */,
				FEF263AF1D21862C0031C585 /* EAIntroView */,
				FEF263B41D21862C0031C585 /* MDImageCroper */,
			);
			path = ThirdLib;
			sourceTree = "<group>";
		};
		FEF263AF1D21862C0031C585 /* EAIntroView */ = {
			isa = PBXGroup;
			children = (
				EA2204AF1D237458005E9435 /* EARestrictedScrollView */,
				FEF263B01D21862C0031C585 /* EAIntroPage.h */,
				FEF263B11D21862C0031C585 /* EAIntroPage.m */,
				FEF263B21D21862C0031C585 /* EAIntroView.h */,
				FEF263B31D21862C0031C585 /* EAIntroView.m */,
			);
			path = EAIntroView;
			sourceTree = "<group>";
		};
		FEF263B41D21862C0031C585 /* MDImageCroper */ = {
			isa = PBXGroup;
			children = (
				FEF263B51D21862C0031C585 /* MDImageCroper.h */,
				FEF263B61D21862C0031C585 /* MDImageCroper.m */,
			);
			path = MDImageCroper;
			sourceTree = "<group>";
		};
		FEF263BD1D2BFEE40031C585 /* IGLDropDownMenu */ = {
			isa = PBXGroup;
			children = (
				FEF263BE1D2BFEE40031C585 /* IGLDropDownItem.h */,
				FEF263BF1D2BFEE40031C585 /* IGLDropDownItem.m */,
				FEF263C01D2BFEE40031C585 /* IGLDropDownMenu.h */,
				FEF263C11D2BFEE40031C585 /* IGLDropDownMenu.m */,
			);
			path = IGLDropDownMenu;
			sourceTree = "<group>";
		};
		FEF263CA1D2D2FEA0031C585 /* Menu */ = {
			isa = PBXGroup;
			children = (
				FEF263CE1D2D31BF0031C585 /* HUMSlider.h */,
				FEF263CF1D2D31BF0031C585 /* HUMSlider.m */,
				FEF263CB1D2D2FEA0031C585 /* GLMenuItem.h */,
				FEF263CC1D2D2FEA0031C585 /* GLMenuItem.m */,
				FEF263D11D2D328F0031C585 /* GLMenuView.h */,
				FEF263D21D2D328F0031C585 /* GLMenuView.m */,
			);
			path = Menu;
			sourceTree = "<group>";
		};
/* End PBXGroup section */

/* Begin PBXNativeTarget section */
		FEF263831D2183CC0031C585 /* VDataProcess */ = {
			isa = PBXNativeTarget;
			buildConfigurationList = FEF263A61D2183CD0031C585 /* Build configuration list for PBXNativeTarget "VDataProcess" */;
			buildPhases = (
				FEF263801D2183CC0031C585 /* Sources */,
				FEF263811D2183CC0031C585 /* Frameworks */,
				FEF263821D2183CC0031C585 /* Resources */,
			);
			buildRules = (
			);
			dependencies = (
			);
			name = VDataProcess;
			productName = VDataProcess;
			productReference = FEF263841D2183CC0031C585 /* VDataProcess.app */;
			productType = "com.apple.product-type.application";
		};
		FEF2639C1D2183CD0031C585 /* VDataProcessTests */ = {
			isa = PBXNativeTarget;
			buildConfigurationList = FEF263A91D2183CD0031C585 /* Build configuration list for PBXNativeTarget "VDataProcessTests" */;
			buildPhases = (
				FEF263991D2183CD0031C585 /* Sources */,
				FEF2639A1D2183CD0031C585 /* Frameworks */,
				FEF2639B1D2183CD0031C585 /* Resources */,
			);
			buildRules = (
			);
			dependencies = (
				FEF2639F1D2183CD0031C585 /* PBXTargetDependency */,
			);
			name = VDataProcessTests;
			productName = VDataProcessTests;
			productReference = FEF2639D1D2183CD0031C585 /* VDataProcessTests.xctest */;
			productType = "com.apple.product-type.bundle.unit-test";
		};
/* End PBXNativeTarget section */

/* Begin PBXProject section */
		FEF2637C1D2183CC0031C585 /* Project object */ = {
			isa = PBXProject;
			attributes = {
				LastUpgradeCheck = 0730;
				ORGANIZATIONNAME = V;
				TargetAttributes = {
					FEF263831D2183CC0031C585 = {
						CreatedOnToolsVersion = 7.3.1;
						DevelopmentTeam = UG5EZSRF4T;
					};
					FEF2639C1D2183CD0031C585 = {
						CreatedOnToolsVersion = 7.3.1;
						TestTargetID = FEF263831D2183CC0031C585;
					};
				};
			};
			buildConfigurationList = FEF2637F1D2183CC0031C585 /* Build configuration list for PBXProject "VDataProcess" */;
			compatibilityVersion = "Xcode 3.2";
			developmentRegion = English;
			hasScannedForEncodings = 0;
			knownRegions = (
				en,
				Base,
			);
			mainGroup = FEF2637B1D2183CC0031C585;
			productRefGroup = FEF263851D2183CC0031C585 /* Products */;
			projectDirPath = "";
			projectRoot = "";
			targets = (
				FEF263831D2183CC0031C585 /* VDataProcess */,
				FEF2639C1D2183CD0031C585 /* VDataProcessTests */,
			);
		};
/* End PBXProject section */

/* Begin PBXResourcesBuildPhase section */
		FEF263821D2183CC0031C585 /* Resources */ = {
			isa = PBXResourcesBuildPhase;
			buildActionMask = 2147483647;
			files = (
				EA2204D31D23787A005E9435 /* title4@2x.png in Resources */,
				EA2204CE1D23787A005E9435 /* pageDot@2x.png in Resources */,
				FEF263971D2183CC0031C585 /* LaunchScreen.storyboard in Resources */,
				EA22046A1D23734D005E9435 /* GLVMainDealVC.xib in Resources */,
				EA2204C61D23787A005E9435 /* bg2@2x.png in Resources */,
				EA73A9841D2E4F9100772810 /* GLArtascopeVC.xib in Resources */,
				FEF263941D2183CC0031C585 /* Assets.xcassets in Resources */,
				EA2204CF1D23787A005E9435 /* skipButton@2x.png in Resources */,
				EA2204CB1D23787A005E9435 /* icon2@2x.png in Resources */,
				EA73AA011D2F7D5900772810 /* haarcascade_mcs_eyepair_big.xml in Resources */,
				FEF263921D2183CC0031C585 /* Main.storyboard in Resources */,
				EA73A9FF1D2F7D5900772810 /* haarcascade_frontalface_alt.xml in Resources */,
				EA2204C71D23787A005E9435 /* bg3@2x.png in Resources */,
				EA2204D01D23787A005E9435 /* title1@2x.png in Resources */,
				EA73A9FE1D2F7D5900772810 /* haarcascade_eye_tree_eyeglasses.xml in Resources */,
				EA73AA021D2F7D5900772810 /* haarcascade_mcs_mouth.xml in Resources */,
				EA2204D21D23787A005E9435 /* title3@2x.png in Resources */,
				EA2204C81D23787A005E9435 /* bg4@2x.png in Resources */,
				EA2204D11D23787A005E9435 /* title2@2x.png in Resources */,
				EA73AA001D2F7D5900772810 /* haarcascade_frontalface_alt2.xml in Resources */,
				EA2204C91D23787A005E9435 /* bigLogo@2x.png in Resources */,
				EA2204CA1D23787A005E9435 /* icon1@2x.png in Resources */,
				EA2204C51D23787A005E9435 /* bg1@2x.png in Resources */,
				EA2204CD1D23787A005E9435 /* pageDot.png in Resources */,
				EA2204CC1D23787A005E9435 /* icon3@2x.png in Resources */,
			);
			runOnlyForDeploymentPostprocessing = 0;
		};
		FEF2639B1D2183CD0031C585 /* Resources */ = {
			isa = PBXResourcesBuildPhase;
			buildActionMask = 2147483647;
			files = (
			);
			runOnlyForDeploymentPostprocessing = 0;
		};
/* End PBXResourcesBuildPhase section */

/* Begin PBXSourcesBuildPhase section */
		FEF263801D2183CC0031C585 /* Sources */ = {
			isa = PBXSourcesBuildPhase;
			buildActionMask = 2147483647;
			files = (
				EA2204AA1D237369005E9435 /* Toast+UIView.m in Sources */,
				EA73A9FD1D2F7D5900772810 /* GLFaceRecognizer.mm in Sources */,
				EA73A9F71D2F7D5900772810 /* UIImage+Threshold.mm in Sources */,
				EA73A9F41D2F7D5900772810 /* UIImage+Morphology.mm in Sources */,
				EA2204981D237369005E9435 /* UIColor+Hex.m in Sources */,
				EA2204681D23734D005E9435 /* GLVIndexVC.m in Sources */,
				FEF2638F1D2183CC0031C585 /* ViewController.m in Sources */,
				EA73A9F61D2F7D5900772810 /* UIImage+Smoothing.mm in Sources */,
				FE4305F81D2D58360008529E /* ASValuePopUpView.m in Sources */,
				FEF2638C1D2183CC0031C585 /* AppDelegate.m in Sources */,
				FEF263C31D2BFEE40031C585 /* IGLDropDownMenu.m in Sources */,
				EA2204A91D237369005E9435 /* STAlbumManager.m in Sources */,
				FEF263891D2183CC0031C585 /* main.m in Sources */,
				FE4305F91D2D58360008529E /* ASValueTrackingSlider.m in Sources */,
				EA73A9831D2E4F9100772810 /* GLArtascopeVC.m in Sources */,
				FEF263B91D21862C0031C585 /* MDImageCroper.m in Sources */,
				FEF263C21D2BFEE40031C585 /* IGLDropDownItem.m in Sources */,
				EA73A9FC1D2F7D5900772810 /* GLFaceDetector.mm in Sources */,
				EA2204A81D237369005E9435 /* MBProgressHUD.m in Sources */,
				EA73AA031D2F7D5900772810 /* UIImage+FaceRecognizer.mm in Sources */,
				EA73A9F91D2F7D5900772810 /* GLMatSkeleton.mm in Sources */,
				EA73A9F51D2F7D5900772810 /* UIImage+Skeleton.mm in Sources */,
				EA73A9FA1D2F7D5900772810 /* GLMatTransform.mm in Sources */,
				FEF263D31D2D328F0031C585 /* GLMenuView.m in Sources */,
				FEF263CD1D2D2FEA0031C585 /* GLMenuItem.m in Sources */,
				FEF263BC1D256C640031C585 /* MenuHrizontal.m in Sources */,
				EA73A9F81D2F7D5900772810 /* GLMatEdgeDetection.mm in Sources */,
				FEF263B71D21862C0031C585 /* EAIntroPage.m in Sources */,
				EA2204B21D237458005E9435 /* EARestrictedScrollView.m in Sources */,
				EA73A9F31D2F7D5900772810 /* UIImage+MatOperate.mm in Sources */,
				EA2204691D23734D005E9435 /* GLVMainDealVC.mm in Sources */,
				EA73A9FB1D2F7D5900772810 /* GLFaceAnimator.mm in Sources */,
				FEF263B81D21862C0031C585 /* EAIntroView.m in Sources */,
				EA2204991D237369005E9435 /* UIView+Frame.m in Sources */,
				FEF263D01D2D31BF0031C585 /* HUMSlider.m in Sources */,
			);
			runOnlyForDeploymentPostprocessing = 0;
		};
		FEF263991D2183CD0031C585 /* Sources */ = {
			isa = PBXSourcesBuildPhase;
			buildActionMask = 2147483647;
			files = (
				FEF263A21D2183CD0031C585 /* VDataProcessTests.m in Sources */,
			);
			runOnlyForDeploymentPostprocessing = 0;
		};
/* End PBXSourcesBuildPhase section */

/* Begin PBXTargetDependency section */
		FEF2639F1D2183CD0031C585 /* PBXTargetDependency */ = {
			isa = PBXTargetDependency;
			target = FEF263831D2183CC0031C585 /* VDataProcess */;
			targetProxy = FEF2639E1D2183CD0031C585 /* PBXContainerItemProxy */;
		};
/* End PBXTargetDependency section */

/* Begin PBXVariantGroup section */
		FEF263901D2183CC0031C585 /* Main.storyboard */ = {
			isa = PBXVariantGroup;
			children = (
				FEF263911D2183CC0031C585 /* Base */,
			);
			name = Main.storyboard;
			sourceTree = "<group>";
		};
		FEF263951D2183CC0031C585 /* LaunchScreen.storyboard */ = {
			isa = PBXVariantGroup;
			children = (
				FEF263961D2183CC0031C585 /* Base */,
			);
			name = LaunchScreen.storyboard;
			sourceTree = "<group>";
		};
/* End PBXVariantGroup section */

/* Begin XCBuildConfiguration section */
		FEF263A41D2183CD0031C585 /* Debug */ = {
			isa = XCBuildConfiguration;
			buildSettings = {
				ALWAYS_SEARCH_USER_PATHS = NO;
				CLANG_ANALYZER_NONNULL = YES;
				CLANG_CXX_LANGUAGE_STANDARD = "gnu++0x";
				CLANG_CXX_LIBRARY = "libc++";
				CLANG_ENABLE_MODULES = YES;
				CLANG_ENABLE_OBJC_ARC = YES;
				CLANG_WARN_BOOL_CONVERSION = YES;
				CLANG_WARN_CONSTANT_CONVERSION = YES;
				CLANG_WARN_DIRECT_OBJC_ISA_USAGE = YES_ERROR;
				CLANG_WARN_EMPTY_BODY = YES;
				CLANG_WARN_ENUM_CONVERSION = YES;
				CLANG_WARN_INT_CONVERSION = YES;
				CLANG_WARN_OBJC_ROOT_CLASS = YES_ERROR;
				CLANG_WARN_UNREACHABLE_CODE = YES;
				CLANG_WARN__DUPLICATE_METHOD_MATCH = YES;
				"CODE_SIGN_IDENTITY[sdk=iphoneos*]" = "iPhone Developer";
				COPY_PHASE_STRIP = NO;
				DEBUG_INFORMATION_FORMAT = dwarf;
				ENABLE_STRICT_OBJC_MSGSEND = YES;
				ENABLE_TESTABILITY = YES;
				GCC_C_LANGUAGE_STANDARD = gnu99;
				GCC_DYNAMIC_NO_PIC = NO;
				GCC_NO_COMMON_BLOCKS = YES;
				GCC_OPTIMIZATION_LEVEL = 0;
				GCC_PREPROCESSOR_DEFINITIONS = (
					"DEBUG=1",
					"$(inherited)",
				);
				GCC_WARN_64_TO_32_BIT_CONVERSION = YES;
				GCC_WARN_ABOUT_RETURN_TYPE = YES_ERROR;
				GCC_WARN_UNDECLARED_SELECTOR = YES;
				GCC_WARN_UNINITIALIZED_AUTOS = YES_AGGRESSIVE;
				GCC_WARN_UNUSED_FUNCTION = YES;
				GCC_WARN_UNUSED_VARIABLE = YES;
				IPHONEOS_DEPLOYMENT_TARGET = 9.3;
				MTL_ENABLE_DEBUG_INFO = YES;
				ONLY_ACTIVE_ARCH = YES;
				SDKROOT = iphoneos;
			};
			name = Debug;
		};
		FEF263A51D2183CD0031C585 /* Release */ = {
			isa = XCBuildConfiguration;
			buildSettings = {
				ALWAYS_SEARCH_USER_PATHS = NO;
				CLANG_ANALYZER_NONNULL = YES;
				CLANG_CXX_LANGUAGE_STANDARD = "gnu++0x";
				CLANG_CXX_LIBRARY = "libc++";
				CLANG_ENABLE_MODULES = YES;
				CLANG_ENABLE_OBJC_ARC = YES;
				CLANG_WARN_BOOL_CONVERSION = YES;
				CLANG_WARN_CONSTANT_CONVERSION = YES;
				CLANG_WARN_DIRECT_OBJC_ISA_USAGE = YES_ERROR;
				CLANG_WARN_EMPTY_BODY = YES;
				CLANG_WARN_ENUM_CONVERSION = YES;
				CLANG_WARN_INT_CONVERSION = YES;
				CLANG_WARN_OBJC_ROOT_CLASS = YES_ERROR;
				CLANG_WARN_UNREACHABLE_CODE = YES;
				CLANG_WARN__DUPLICATE_METHOD_MATCH = YES;
				"CODE_SIGN_IDENTITY[sdk=iphoneos*]" = "iPhone Developer";
				COPY_PHASE_STRIP = NO;
				DEBUG_INFORMATION_FORMAT = "dwarf-with-dsym";
				ENABLE_NS_ASSERTIONS = NO;
				ENABLE_STRICT_OBJC_MSGSEND = YES;
				GCC_C_LANGUAGE_STANDARD = gnu99;
				GCC_NO_COMMON_BLOCKS = YES;
				GCC_WARN_64_TO_32_BIT_CONVERSION = YES;
				GCC_WARN_ABOUT_RETURN_TYPE = YES_ERROR;
				GCC_WARN_UNDECLARED_SELECTOR = YES;
				GCC_WARN_UNINITIALIZED_AUTOS = YES_AGGRESSIVE;
				GCC_WARN_UNUSED_FUNCTION = YES;
				GCC_WARN_UNUSED_VARIABLE = YES;
				IPHONEOS_DEPLOYMENT_TARGET = 9.3;
				MTL_ENABLE_DEBUG_INFO = NO;
				SDKROOT = iphoneos;
				VALIDATE_PRODUCT = YES;
			};
			name = Release;
		};
		FEF263A71D2183CD0031C585 /* Debug */ = {
			isa = XCBuildConfiguration;
			buildSettings = {
				ASSETCATALOG_COMPILER_APPICON_NAME = AppIcon;
				ASSETCATALOG_COMPILER_LAUNCHIMAGE_NAME = "Brand Assets";
				CODE_SIGN_IDENTITY = "iPhone Developer";
				"CODE_SIGN_IDENTITY[sdk=iphoneos*]" = "iPhone Developer";
				FRAMEWORK_SEARCH_PATHS = (
					"$(inherited)",
					"$(PROJECT_DIR)/VDataProcess/Resource/Framework",
				);
				INFOPLIST_FILE = VDataProcess/Info.plist;
				IPHONEOS_DEPLOYMENT_TARGET = 8.0;
				LD_RUNPATH_SEARCH_PATHS = "$(inherited) @executable_path/Frameworks";
				PRODUCT_BUNDLE_IDENTIFIER = com.noahwm.JSCoreBridge;
				PRODUCT_NAME = "$(TARGET_NAME)";
				PROVISIONING_PROFILE = "";
			};
			name = Debug;
		};
		FEF263A81D2183CD0031C585 /* Release */ = {
			isa = XCBuildConfiguration;
			buildSettings = {
				ASSETCATALOG_COMPILER_APPICON_NAME = AppIcon;
				ASSETCATALOG_COMPILER_LAUNCHIMAGE_NAME = "Brand Assets";
				CODE_SIGN_IDENTITY = "iPhone Developer";
				"CODE_SIGN_IDENTITY[sdk=iphoneos*]" = "iPhone Developer";
				FRAMEWORK_SEARCH_PATHS = (
					"$(inherited)",
					"$(PROJECT_DIR)/VDataProcess/Resource/Framework",
				);
				INFOPLIST_FILE = VDataProcess/Info.plist;
				IPHONEOS_DEPLOYMENT_TARGET = 8.0;
				LD_RUNPATH_SEARCH_PATHS = "$(inherited) @executable_path/Frameworks";
				PRODUCT_BUNDLE_IDENTIFIER = com.noahwm.JSCoreBridge;
				PRODUCT_NAME = "$(TARGET_NAME)";
				PROVISIONING_PROFILE = "";
			};
			name = Release;
		};
		FEF263AA1D2183CD0031C585 /* Debug */ = {
			isa = XCBuildConfiguration;
			buildSettings = {
				BUNDLE_LOADER = "$(TEST_HOST)";
				INFOPLIST_FILE = VDataProcessTests/Info.plist;
				LD_RUNPATH_SEARCH_PATHS = "$(inherited) @executable_path/Frameworks @loader_path/Frameworks";
				PRODUCT_BUNDLE_IDENTIFIER = com.smart.VDataProcessTests;
				PRODUCT_NAME = "$(TARGET_NAME)";
				TEST_HOST = "$(BUILT_PRODUCTS_DIR)/VDataProcess.app/VDataProcess";
			};
			name = Debug;
		};
		FEF263AB1D2183CD0031C585 /* Release */ = {
			isa = XCBuildConfiguration;
			buildSettings = {
				BUNDLE_LOADER = "$(TEST_HOST)";
				INFOPLIST_FILE = VDataProcessTests/Info.plist;
				LD_RUNPATH_SEARCH_PATHS = "$(inherited) @executable_path/Frameworks @loader_path/Frameworks";
				PRODUCT_BUNDLE_IDENTIFIER = com.smart.VDataProcessTests;
				PRODUCT_NAME = "$(TARGET_NAME)";
				TEST_HOST = "$(BUILT_PRODUCTS_DIR)/VDataProcess.app/VDataProcess";
			};
			name = Release;
		};
/* End XCBuildConfiguration section */

/* Begin XCConfigurationList section */
		FEF2637F1D2183CC0031C585 /* Build configuration list for PBXProject "VDataProcess" */ = {
			isa = XCConfigurationList;
			buildConfigurations = (
				FEF263A41D2183CD0031C585 /* Debug */,
				FEF263A51D2183CD0031C585 /* Release */,
			);
			defaultConfigurationIsVisible = 0;
			defaultConfigurationName = Release;
		};
		FEF263A61D2183CD0031C585 /* Build configuration list for PBXNativeTarget "VDataProcess" */ = {
			isa = XCConfigurationList;
			buildConfigurations = (
				FEF263A71D2183CD0031C585 /* Debug */,
				FEF263A81D2183CD0031C585 /* Release */,
			);
			defaultConfigurationIsVisible = 0;
			defaultConfigurationName = Release;
		};
		FEF263A91D2183CD0031C585 /* Build configuration list for PBXNativeTarget "VDataProcessTests" */ = {
			isa = XCConfigurationList;
			buildConfigurations = (
				FEF263AA1D2183CD0031C585 /* Debug */,
				FEF263AB1D2183CD0031C585 /* Release */,
			);
			defaultConfigurationIsVisible = 0;
			defaultConfigurationName = Release;
		};
/* End XCConfigurationList section */
	};
	rootObject = FEF2637C1D2183CC0031C585 /* Project object */;
}
